
Microsoft Visual Studio Solution File, Format Version 12.00
# Visual Studio Version 16
VisualStudioVersion = 16.0.30621.155
MinimumVisualStudioVersion = 10.0.40219.1
Project("{FAE04EC0-301F-11D3-BF4B-00C04F79EFBC}") = "testGit", "testGit\testGit.csproj", "{7DFE9359-D7BF-4FAE-A749-3C31A3749891}"
EndProject
Global
	GlobalSection(SolutionConfigurationPlatforms) = preSolution
		Debug|Any CPU = Debug|Any CPU
		Release|Any CPU = Release|Any CPU
	EndGlobalSection
	GlobalSection(ProjectConfigurationPlatforms) = postSolution
		{7DFE9359-D7BF-4FAE-A749-3C31A3749891}.Debug|Any CPU.ActiveCfg = Debug|Any CPU
		{7DFE9359-D7BF-4FAE-A749-3C31A3749891}.Debug|Any CPU.Build.0 = Debug|Any CPU
		{7DFE9359-D7BF-4FAE-A749-3C31A3749891}.Release|Any CPU.ActiveCfg = Release|Any CPU
		{7DFE9359-D7BF-4FAE-A749-3C31A3749891}.Release|Any CPU.Build.0 = Release|Any CPU
	EndGlobalSection
	GlobalSection(SolutionProperties) = preSolution
		HideSolutionNode = FALSE
	EndGlobalSection
	GlobalSection(ExtensibilityGlobals) = postSolution
		SolutionGuid = {01F21CF7-5EB6-450C-8B39-5C08FCF0378D}
	EndGlobalSection
EndGlobal
